
Microsoft Visual Studio Solution File, Format Version 12.00
# Visual Studio Version 16
VisualStudioVersion = 16.0.31112.23
MinimumVisualStudioVersion = 10.0.40219.1
Project("{9A19103F-16F7-4668-BE54-9A1E7A4F7556}") = "Catalogo", "Catalogo\Catalogo.csproj", "{3E0B96E6-8529-47C8-8149-AB064DB91A51}"
EndProject
Global
	GlobalSection(SolutionConfigurationPlatforms) = preSolution
		Debug|Any CPU = Debug|Any CPU
		Release|Any CPU = Release|Any CPU
	EndGlobalSection
	GlobalSection(ProjectConfigurationPlatforms) = postSolution
		{3E0B96E6-8529-47C8-8149-AB064DB91A51}.Debug|Any CPU.ActiveCfg = Debug|Any CPU
		{3E0B96E6-8529-47C8-8149-AB064DB91A51}.Debug|Any CPU.Build.0 = Debug|Any CPU
		{3E0B96E6-8529-47C8-8149-AB064DB91A51}.Release|Any CPU.ActiveCfg = Release|Any CPU
		{3E0B96E6-8529-47C8-8149-AB064DB91A51}.Release|Any CPU.Build.0 = Release|Any CPU
	EndGlobalSection
	GlobalSection(SolutionProperties) = preSolution
		HideSolutionNode = FALSE
	EndGlobalSection
	GlobalSection(ExtensibilityGlobals) = postSolution
		SolutionGuid = {793CE55F-EBC3-4559-999A-5D279226C579}
	EndGlobalSection
EndGlobal
